# THIS IS AN AUTOGENERATED FILE. DO NOT EDIT THIS FILE DIRECTLY.
# yarn lockfile v1


"@graphql-tools/batch-execute@^8.3.1":
  version "8.3.1"
  resolved "https://registry.yarnpkg.com/@graphql-tools/batch-execute/-/batch-execute-8.3.1.tgz#0b74c54db5ac1c5b9a273baefc034c2343ebbb74"
  integrity sha512-63kHY8ZdoO5FoeDXYHnAak1R3ysMViMPwWC2XUblFckuVLMUPmB2ONje8rjr2CvzWBHAW8c1Zsex+U3xhKtGIA==
  dependencies:
    "@graphql-tools/utils" "^8.5.1"
    dataloader "2.0.0"
    tslib "~2.3.0"
    value-or-promise "1.0.11"

"@graphql-tools/delegate@^8.4.3":
  version "8.4.3"
  resolved "https://registry.yarnpkg.com/@graphql-tools/delegate/-/delegate-8.4.3.tgz#ad73ed7cc3b4cad9242c6d4835a5ae0b640f7164"
  integrity sha512-hKTJdJXJnKL0+2vpU+Kt7OHQTIXZ9mBmNBwHsYiG5WNArz/vNI7910r6TC2XMf/e7zhyyK+mXxMDBmDQkkJagA==
  dependencies:
    "@graphql-tools/batch-execute" "^8.3.1"
    "@graphql-tools/schema" "^8.3.1"
    "@graphql-tools/utils" "^8.5.4"
    dataloader "2.0.0"
    tslib "~2.3.0"
    value-or-promise "1.0.11"

"@graphql-tools/merge@^8.2.1":
  version "8.2.1"
  resolved "https://registry.yarnpkg.com/@graphql-tools/merge/-/merge-8.2.1.tgz#bf83aa06a0cfc6a839e52a58057a84498d0d51ff"
  integrity sha512-Q240kcUszhXiAYudjuJgNuLgy9CryDP3wp83NOZQezfA6h3ByYKU7xI6DiKrdjyVaGpYN3ppUmdj0uf5GaXzMA==
  dependencies:
    "@graphql-tools/utils" "^8.5.1"
    tslib "~2.3.0"

"@graphql-tools/schema@^8.3.1":
  version "8.3.1"
  resolved "https://registry.yarnpkg.com/@graphql-tools/schema/-/schema-8.3.1.tgz#1ee9da494d2da457643b3c93502b94c3c4b68c74"
  integrity sha512-3R0AJFe715p4GwF067G5i0KCr/XIdvSfDLvTLEiTDQ8V/hwbOHEKHKWlEBHGRQwkG5lwFQlW1aOn7VnlPERnWQ==
  dependencies:
    "@graphql-tools/merge" "^8.2.1"
    "@graphql-tools/utils" "^8.5.1"
    tslib "~2.3.0"
    value-or-promise "1.0.11"

"@graphql-tools/utils@^8.5.1", "@graphql-tools/utils@^8.5.4":
  version "8.6.1"
  resolved "https://registry.yarnpkg.com/@graphql-tools/utils/-/utils-8.6.1.tgz#52c7eb108f2ca2fd01bdba8eef85077ead1bf882"
  integrity sha512-uxcfHCocp4ENoIiovPxUWZEHOnbXqj3ekWc0rm7fUhW93a1xheARNHcNKhwMTR+UKXVJbTFQdGI1Rl5XdyvDBg==
  dependencies:
    tslib "~2.3.0"

dataloader@2.0.0:
  version "2.0.0"
  resolved "https://registry.yarnpkg.com/dataloader/-/dataloader-2.0.0.tgz#41eaf123db115987e21ca93c005cd7753c55fe6f"
  integrity sha512-YzhyDAwA4TaQIhM5go+vCLmU0UikghC/t9DTQYZR2M/UvZ1MdOhPezSDZcjj9uqQJOMqjLcpWtyW2iNINdlatQ==

graphql-middleware@^6.1.13:
  version "6.1.13"
  resolved "https://registry.yarnpkg.com/graphql-middleware/-/graphql-middleware-6.1.13.tgz#3019ea6854509a028a5c88e6123879287ef10b36"
  integrity sha512-P2LDzGvcA+QgTxtqo1pFIlJ4KtHDbQkwMlh9nLYlfAByXPi9gLx0IZ8D2ZMD+LRjy6aQJUxmEBdoRCI1MxxeaA==
  dependencies:
    "@graphql-tools/delegate" "^8.4.3"
    "@graphql-tools/schema" "^8.3.1"

tslib@~2.3.0:
  version "2.3.1"
  resolved "https://registry.yarnpkg.com/tslib/-/tslib-2.3.1.tgz#e8a335add5ceae51aa261d32a490158ef042ef01"
  integrity sha512-77EbyPPpMz+FRFRuAFlWMtmgUWGe9UOG2Z25NqCwiIjRhOf5iKGuzSe5P2w1laq+FkRy4p+PCuVkJSGkzTEKVw==

value-or-promise@1.0.11:
  version "1.0.11"
  resolved "https://registry.yarnpkg.com/value-or-promise/-/value-or-promise-1.0.11.tgz#3e90299af31dd014fe843fe309cefa7c1d94b140"
  integrity sha512-41BrgH+dIbCFXClcSapVs5M6GkENd3gQOJpEfPDNa71LsUGMXDL0jMWpI/Rh7WhX+Aalfz2TTS3Zt5pUsbnhLg==
